
Microsoft Visual Studio Solution File, Format Version 12.00
Project("{FAE04EC0-301F-11D3-BF4B-00C04F79EFBC}") = "AsyncAwaitDemo", "AsyncAwaitDemo\AsyncAwaitDemo.csproj", "{B4CCBB4C-0D74-46DF-B7A4-0AB8535D3C55}"
EndProject
Global
	GlobalSection(SolutionConfigurationPlatforms) = preSolution
		Debug|Any CPU = Debug|Any CPU
		Release|Any CPU = Release|Any CPU
	EndGlobalSection
	GlobalSection(ProjectConfigurationPlatforms) = postSolution
		{B4CCBB4C-0D74-46DF-B7A4-0AB8535D3C55}.Debug|Any CPU.ActiveCfg = Debug|Any CPU
		{B4CCBB4C-0D74-46DF-B7A4-0AB8535D3C55}.Debug|Any CPU.Build.0 = Debug|Any CPU
		{B4CCBB4C-0D74-46DF-B7A4-0AB8535D3C55}.Release|Any CPU.ActiveCfg = Release|Any CPU
		{B4CCBB4C-0D74-46DF-B7A4-0AB8535D3C55}.Release|Any CPU.Build.0 = Release|Any CPU
		{21DFB03B-AF8F-4C80-B148-BCB652E01263}.Debug|Any CPU.ActiveCfg = Debug|Any CPU
		{21DFB03B-AF8F-4C80-B148-BCB652E01263}.Debug|Any CPU.Build.0 = Debug|Any CPU
		{21DFB03B-AF8F-4C80-B148-BCB652E01263}.Release|Any CPU.ActiveCfg = Release|Any CPU
		{21DFB03B-AF8F-4C80-B148-BCB652E01263}.Release|Any CPU.Build.0 = Release|Any CPU
	EndGlobalSection
EndGlobal
